{
  "name": "@nait-aits/azureadhelpers",
  "version": "0.0.5",
  "lockfileVersion": 2,
  "requires": true,
  "packages": {
    "": {
      "name": "@nait-aits/azureadhelpers",
      "version": "0.0.5",
      "license": "MIT",
      "dependencies": {
        "@azure/msal-browser": "^2.32.0",
        "@azure/msal-react": "^1.5.0",
        "@nait-aits/usestateloader": "^0.0.4",
        "typescript": "^4.9.3"
      },
      "devDependencies": {
        "@types/node": "^18.11.9",
        "@types/react": "^18.0.0",
        "@types/react-dom": "^18.0.0",
        "react": "^18.0.0",
        "react-dom": "^18.0.0"
      },
      "peerDependencies": {
        "react": "^18.0.0",
        "react-dom": "^18.0.0"
      }
    },
    "node_modules/@azure/msal-browser": {
      "version": "2.32.0",
      "resolved": "https://registry.npmjs.org/@azure/msal-browser/-/msal-browser-2.32.0.tgz",
      "integrity": "sha512-uDP0vNmIefM6+RjILGKu+zOiN+VGnEvxRfUIV5hOWOWLLkG7kcDPYG/v/EJMoG+R5DYW9jXA5nvZT76t5HdEAQ==",
      "dependencies": {
        "@azure/msal-common": "^9.0.0"
      },
      "engines": {
        "node": ">=0.8.0"
      }
    },
    "node_modules/@azure/msal-common": {
      "version": "9.0.0",
      "resolved": "https://registry.npmjs.org/@azure/msal-common/-/msal-common-9.0.0.tgz",
      "integrity": "sha512-uiFiFKVNTsRpmKio5bcObTuHcaHHZB2GEsjJJN8rbJNmzoYuZzNioOoK+J0QK0jEasRBgAoR5A8hSty2iKRzIg==",
      "engines": {
        "node": ">=0.8.0"
      }
    },
    "node_modules/@azure/msal-react": {
      "version": "1.5.0",
      "resolved": "https://registry.npmjs.org/@azure/msal-react/-/msal-react-1.5.0.tgz",
      "integrity": "sha512-xGkoVY9sYgxvOUhYikBGiDUDuvywBLgYLhxcTPCmbgmZLBuGSLsYZYdB9Q8U3FksrlF6fHup11n/hZjr8Ps5Wg==",
      "engines": {
        "node": ">=10"
      },
      "peerDependencies": {
        "@azure/msal-browser": "^2.32.0",
        "react": "^16.8.0 || ^17 || ^18"
      }
    },
    "node_modules/@nait-aits/usestateloader": {
      "version": "0.0.4",
      "resolved": "https://registry.npmjs.org/@nait-aits/usestateloader/-/usestateloader-0.0.4.tgz",
      "integrity": "sha512-KsgkxaYeHXgPmW7V2WJPdmDXsGX58I40CArnw4fWFlUHQAZtEWTuH8tyA3zK0a5ZVQ8cFGJCWKL+siX3Q6TnlA==",
      "dependencies": {
        "@types/node": "^18.11.9",
        "typescript": "^4.9.3"
      },
      "peerDependencies": {
        "react": "^18.0.0",
        "react-dom": "^18.0.0"
      }
    },
    "node_modules/@types/node": {
      "version": "18.11.9",
      "resolved": "https://registry.npmjs.org/@types/node/-/node-18.11.9.tgz",
      "integrity": "sha512-CRpX21/kGdzjOpFsZSkcrXMGIBWMGNIHXXBVFSH+ggkftxg+XYP20TESbh+zFvFj3EQOl5byk0HTRn1IL6hbqg=="
    },
    "node_modules/@types/prop-types": {
      "version": "15.7.5",
      "resolved": "https://registry.npmjs.org/@types/prop-types/-/prop-types-15.7.5.tgz",
      "integrity": "sha512-JCB8C6SnDoQf0cNycqd/35A7MjcnK+ZTqE7judS6o7utxUCg6imJg3QK2qzHKszlTjcj2cn+NwMB2i96ubpj7w==",
      "dev": true
    },
    "node_modules/@types/react": {
      "version": "18.0.25",
      "resolved": "https://registry.npmjs.org/@types/react/-/react-18.0.25.tgz",
      "integrity": "sha512-xD6c0KDT4m7n9uD4ZHi02lzskaiqcBxf4zi+tXZY98a04wvc0hi/TcCPC2FOESZi51Nd7tlUeOJY8RofL799/g==",
      "dev": true,
      "dependencies": {
        "@types/prop-types": "*",
        "@types/scheduler": "*",
        "csstype": "^3.0.2"
      }
    },
    "node_modules/@types/react-dom": {
      "version": "18.0.9",
      "resolved": "https://registry.npmjs.org/@types/react-dom/-/react-dom-18.0.9.tgz",
      "integrity": "sha512-qnVvHxASt/H7i+XG1U1xMiY5t+IHcPGUK7TDMDzom08xa7e86eCeKOiLZezwCKVxJn6NEiiy2ekgX8aQssjIKg==",
      "dev": true,
      "dependencies": {
        "@types/react": "*"
      }
    },
    "node_modules/@types/scheduler": {
      "version": "0.16.2",
      "resolved": "https://registry.npmjs.org/@types/scheduler/-/scheduler-0.16.2.tgz",
      "integrity": "sha512-hppQEBDmlwhFAXKJX2KnWLYu5yMfi91yazPb2l+lbJiwW+wdo1gNeRA+3RgNSO39WYX2euey41KEwnqesU2Jew==",
      "dev": true
    },
    "node_modules/csstype": {
      "version": "3.1.1",
      "resolved": "https://registry.npmjs.org/csstype/-/csstype-3.1.1.tgz",
      "integrity": "sha512-DJR/VvkAvSZW9bTouZue2sSxDwdTN92uHjqeKVm+0dAqdfNykRzQ95tay8aXMBAAPpUiq4Qcug2L7neoRh2Egw==",
      "dev": true
    },
    "node_modules/js-tokens": {
      "version": "4.0.0",
      "resolved": "https://registry.npmjs.org/js-tokens/-/js-tokens-4.0.0.tgz",
      "integrity": "sha512-RdJUflcE3cUzKiMqQgsCu06FPu9UdIJO0beYbPhHN4k6apgJtifcoCtT9bcxOpYBtpD2kCM6Sbzg4CausW/PKQ=="
    },
    "node_modules/loose-envify": {
      "version": "1.4.0",
      "resolved": "https://registry.npmjs.org/loose-envify/-/loose-envify-1.4.0.tgz",
      "integrity": "sha512-lyuxPGr/Wfhrlem2CL/UcnUc1zcqKAImBDzukY7Y5F/yQiNdko6+fRLevlw1HgMySw7f611UIY408EtxRSoK3Q==",
      "dependencies": {
        "js-tokens": "^3.0.0 || ^4.0.0"
      },
      "bin": {
        "loose-envify": "cli.js"
      }
    },
    "node_modules/react": {
      "version": "18.2.0",
      "resolved": "https://registry.npmjs.org/react/-/react-18.2.0.tgz",
      "integrity": "sha512-/3IjMdb2L9QbBdWiW5e3P2/npwMBaU9mHCSCUzNln0ZCYbcfTsGbTJrU/kGemdH2IWmB2ioZ+zkxtmq6g09fGQ==",
      "dependencies": {
        "loose-envify": "^1.1.0"
      },
      "engines": {
        "node": ">=0.10.0"
      }
    },
    "node_modules/react-dom": {
      "version": "18.2.0",
      "resolved": "https://registry.npmjs.org/react-dom/-/react-dom-18.2.0.tgz",
      "integrity": "sha512-6IMTriUmvsjHUjNtEDudZfuDQUoWXVxKHhlEGSk81n4YFS+r/Kl99wXiwlVXtPBtJenozv2P+hxDsw9eA7Xo6g==",
      "dependencies": {
        "loose-envify": "^1.1.0",
        "scheduler": "^0.23.0"
      },
      "peerDependencies": {
        "react": "^18.2.0"
      }
    },
    "node_modules/scheduler": {
      "version": "0.23.0",
      "resolved": "https://registry.npmjs.org/scheduler/-/scheduler-0.23.0.tgz",
      "integrity": "sha512-CtuThmgHNg7zIZWAXi3AsyIzA3n4xx7aNyjwC2VJldO2LMVDhFK+63xGqq6CsJH4rTAt6/M+N4GhZiDYPx9eUw==",
      "dependencies": {
        "loose-envify": "^1.1.0"
      }
    },
    "node_modules/typescript": {
      "version": "4.9.3",
      "resolved": "https://registry.npmjs.org/typescript/-/typescript-4.9.3.tgz",
      "integrity": "sha512-CIfGzTelbKNEnLpLdGFgdyKhG23CKdKgQPOBc+OUNrkJ2vr+KSzsSV5kq5iWhEQbok+quxgGzrAtGWCyU7tHnA==",
      "bin": {
        "tsc": "bin/tsc",
        "tsserver": "bin/tsserver"
      },
      "engines": {
        "node": ">=4.2.0"
      }
    }
  },
  "dependencies": {
    "@azure/msal-browser": {
      "version": "2.32.0",
      "resolved": "https://registry.npmjs.org/@azure/msal-browser/-/msal-browser-2.32.0.tgz",
      "integrity": "sha512-uDP0vNmIefM6+RjILGKu+zOiN+VGnEvxRfUIV5hOWOWLLkG7kcDPYG/v/EJMoG+R5DYW9jXA5nvZT76t5HdEAQ==",
      "requires": {
        "@azure/msal-common": "^9.0.0"
      }
    },
    "@azure/msal-common": {
      "version": "9.0.0",
      "resolved": "https://registry.npmjs.org/@azure/msal-common/-/msal-common-9.0.0.tgz",
      "integrity": "sha512-uiFiFKVNTsRpmKio5bcObTuHcaHHZB2GEsjJJN8rbJNmzoYuZzNioOoK+J0QK0jEasRBgAoR5A8hSty2iKRzIg=="
    },
    "@azure/msal-react": {
      "version": "1.5.0",
      "resolved": "https://registry.npmjs.org/@azure/msal-react/-/msal-react-1.5.0.tgz",
      "integrity": "sha512-xGkoVY9sYgxvOUhYikBGiDUDuvywBLgYLhxcTPCmbgmZLBuGSLsYZYdB9Q8U3FksrlF6fHup11n/hZjr8Ps5Wg==",
      "requires": {}
    },
    "@nait-aits/usestateloader": {
      "version": "0.0.4",
      "resolved": "https://registry.npmjs.org/@nait-aits/usestateloader/-/usestateloader-0.0.4.tgz",
      "integrity": "sha512-KsgkxaYeHXgPmW7V2WJPdmDXsGX58I40CArnw4fWFlUHQAZtEWTuH8tyA3zK0a5ZVQ8cFGJCWKL+siX3Q6TnlA==",
      "requires": {
        "@types/node": "^18.11.9",
        "typescript": "^4.9.3"
      }
    },
    "@types/node": {
      "version": "18.11.9",
      "resolved": "https://registry.npmjs.org/@types/node/-/node-18.11.9.tgz",
      "integrity": "sha512-CRpX21/kGdzjOpFsZSkcrXMGIBWMGNIHXXBVFSH+ggkftxg+XYP20TESbh+zFvFj3EQOl5byk0HTRn1IL6hbqg=="
    },
    "@types/prop-types": {
      "version": "15.7.5",
      "resolved": "https://registry.npmjs.org/@types/prop-types/-/prop-types-15.7.5.tgz",
      "integrity": "sha512-JCB8C6SnDoQf0cNycqd/35A7MjcnK+ZTqE7judS6o7utxUCg6imJg3QK2qzHKszlTjcj2cn+NwMB2i96ubpj7w==",
      "dev": true
    },
    "@types/react": {
      "version": "18.0.25",
      "resolved": "https://registry.npmjs.org/@types/react/-/react-18.0.25.tgz",
      "integrity": "sha512-xD6c0KDT4m7n9uD4ZHi02lzskaiqcBxf4zi+tXZY98a04wvc0hi/TcCPC2FOESZi51Nd7tlUeOJY8RofL799/g==",
      "dev": true,
      "requires": {
        "@types/prop-types": "*",
        "@types/scheduler": "*",
        "csstype": "^3.0.2"
      }
    },
    "@types/react-dom": {
      "version": "18.0.9",
      "resolved": "https://registry.npmjs.org/@types/react-dom/-/react-dom-18.0.9.tgz",
      "integrity": "sha512-qnVvHxASt/H7i+XG1U1xMiY5t+IHcPGUK7TDMDzom08xa7e86eCeKOiLZezwCKVxJn6NEiiy2ekgX8aQssjIKg==",
      "dev": true,
      "requires": {
        "@types/react": "*"
      }
    },
    "@types/scheduler": {
      "version": "0.16.2",
      "resolved": "https://registry.npmjs.org/@types/scheduler/-/scheduler-0.16.2.tgz",
      "integrity": "sha512-hppQEBDmlwhFAXKJX2KnWLYu5yMfi91yazPb2l+lbJiwW+wdo1gNeRA+3RgNSO39WYX2euey41KEwnqesU2Jew==",
      "dev": true
    },
    "csstype": {
      "version": "3.1.1",
      "resolved": "https://registry.npmjs.org/csstype/-/csstype-3.1.1.tgz",
      "integrity": "sha512-DJR/VvkAvSZW9bTouZue2sSxDwdTN92uHjqeKVm+0dAqdfNykRzQ95tay8aXMBAAPpUiq4Qcug2L7neoRh2Egw==",
      "dev": true
    },
    "js-tokens": {
      "version": "4.0.0",
      "resolved": "https://registry.npmjs.org/js-tokens/-/js-tokens-4.0.0.tgz",
      "integrity": "sha512-RdJUflcE3cUzKiMqQgsCu06FPu9UdIJO0beYbPhHN4k6apgJtifcoCtT9bcxOpYBtpD2kCM6Sbzg4CausW/PKQ=="
    },
    "loose-envify": {
      "version": "1.4.0",
      "resolved": "https://registry.npmjs.org/loose-envify/-/loose-envify-1.4.0.tgz",
      "integrity": "sha512-lyuxPGr/Wfhrlem2CL/UcnUc1zcqKAImBDzukY7Y5F/yQiNdko6+fRLevlw1HgMySw7f611UIY408EtxRSoK3Q==",
      "requires": {
        "js-tokens": "^3.0.0 || ^4.0.0"
      }
    },
    "react": {
      "version": "18.2.0",
      "resolved": "https://registry.npmjs.org/react/-/react-18.2.0.tgz",
      "integrity": "sha512-/3IjMdb2L9QbBdWiW5e3P2/npwMBaU9mHCSCUzNln0ZCYbcfTsGbTJrU/kGemdH2IWmB2ioZ+zkxtmq6g09fGQ==",
      "requires": {
        "loose-envify": "^1.1.0"
      }
    },
    "react-dom": {
      "version": "18.2.0",
      "resolved": "https://registry.npmjs.org/react-dom/-/react-dom-18.2.0.tgz",
      "integrity": "sha512-6IMTriUmvsjHUjNtEDudZfuDQUoWXVxKHhlEGSk81n4YFS+r/Kl99wXiwlVXtPBtJenozv2P+hxDsw9eA7Xo6g==",
      "requires": {
        "loose-envify": "^1.1.0",
        "scheduler": "^0.23.0"
      }
    },
    "scheduler": {
      "version": "0.23.0",
      "resolved": "https://registry.npmjs.org/scheduler/-/scheduler-0.23.0.tgz",
      "integrity": "sha512-CtuThmgHNg7zIZWAXi3AsyIzA3n4xx7aNyjwC2VJldO2LMVDhFK+63xGqq6CsJH4rTAt6/M+N4GhZiDYPx9eUw==",
      "requires": {
        "loose-envify": "^1.1.0"
      }
    },
    "typescript": {
      "version": "4.9.3",
      "resolved": "https://registry.npmjs.org/typescript/-/typescript-4.9.3.tgz",
      "integrity": "sha512-CIfGzTelbKNEnLpLdGFgdyKhG23CKdKgQPOBc+OUNrkJ2vr+KSzsSV5kq5iWhEQbok+quxgGzrAtGWCyU7tHnA=="
    }
  }
}
